
Microsoft Visual Studio Solution File, Format Version 12.00
# Visual Studio 15
VisualStudioVersion = 15.0.26403.7
MinimumVisualStudioVersion = 10.0.40219.1
Project("{D954291E-2A0B-460D-934E-DC6B0785DB48}") = "XamarinTeam_Keep", "XamarinTeam_Keep\XamarinTeam_Keep\XamarinTeam_Keep.shproj", "{1B7E1054-E0D6-48D3-B763-9608B4062CE4}"
EndProject
Project("{FAE04EC0-301F-11D3-BF4B-00C04F79EFBC}") = "XamarinTeam_Keep.Android", "XamarinTeam_Keep\XamarinTeam_Keep.Android\XamarinTeam_Keep.Android.csproj", "{CEA6ACC1-7138-4546-B717-277C755AA75F}"
EndProject
Project("{FAE04EC0-301F-11D3-BF4B-00C04F79EFBC}") = "XamarinTeam_Keep.UWP", "XamarinTeam_Keep\XamarinTeam_Keep.UWP\XamarinTeam_Keep.UWP.csproj", "{B855B989-F52B-4BC1-9132-DAF17E423C74}"
EndProject
Global
	GlobalSection(SharedMSBuildProjectFiles) = preSolution
		XamarinTeam_Keep\XamarinTeam_Keep\XamarinTeam_Keep.projitems*{1b7e1054-e0d6-48d3-b763-9608b4062ce4}*SharedItemsImports = 13
		XamarinTeam_Keep\XamarinTeam_Keep\XamarinTeam_Keep.projitems*{cea6acc1-7138-4546-b717-277c755aa75f}*SharedItemsImports = 4
	EndGlobalSection
	GlobalSection(SolutionConfigurationPlatforms) = preSolution
		Ad-Hoc|Any CPU = Ad-Hoc|Any CPU
		Ad-Hoc|ARM = Ad-Hoc|ARM
		Ad-Hoc|iPhone = Ad-Hoc|iPhone
		Ad-Hoc|iPhoneSimulator = Ad-Hoc|iPhoneSimulator
		Ad-Hoc|x64 = Ad-Hoc|x64
		Ad-Hoc|x86 = Ad-Hoc|x86
		AppStore|Any CPU = AppStore|Any CPU
		AppStore|ARM = AppStore|ARM
		AppStore|iPhone = AppStore|iPhone
		AppStore|iPhoneSimulator = AppStore|iPhoneSimulator
		AppStore|x64 = AppStore|x64
		AppStore|x86 = AppStore|x86
		Debug|Any CPU = Debug|Any CPU
		Debug|ARM = Debug|ARM
		Debug|iPhone = Debug|iPhone
		Debug|iPhoneSimulator = Debug|iPhoneSimulator
		Debug|x64 = Debug|x64
		Debug|x86 = Debug|x86
		Release|Any CPU = Release|Any CPU
		Release|ARM = Release|ARM
		Release|iPhone = Release|iPhone
		Release|iPhoneSimulator = Release|iPhoneSimulator
		Release|x64 = Release|x64
		Release|x86 = Release|x86
	EndGlobalSection
	GlobalSection(ProjectConfigurationPlatforms) = postSolution
		{CEA6ACC1-7138-4546-B717-277C755AA75F}.Ad-Hoc|Any CPU.ActiveCfg = Release|Any CPU
		{CEA6ACC1-7138-4546-B717-277C755AA75F}.Ad-Hoc|Any CPU.Build.0 = Release|Any CPU
		{CEA6ACC1-7138-4546-B717-277C755AA75F}.Ad-Hoc|Any CPU.Deploy.0 = Release|Any CPU
		{CEA6ACC1-7138-4546-B717-277C755AA75F}.Ad-Hoc|ARM.ActiveCfg = Release|Any CPU
		{CEA6ACC1-7138-4546-B717-277C755AA75F}.Ad-Hoc|ARM.Build.0 = Release|Any CPU
		{CEA6ACC1-7138-4546-B717-277C755AA75F}.Ad-Hoc|ARM.Deploy.0 = Release|Any CPU
		{CEA6ACC1-7138-4546-B717-277C755AA75F}.Ad-Hoc|iPhone.ActiveCfg = Release|Any CPU
		{CEA6ACC1-7138-4546-B717-277C755AA75F}.Ad-Hoc|iPhone.Build.0 = Release|Any CPU
		{CEA6ACC1-7138-4546-B717-277C755AA75F}.Ad-Hoc|iPhone.Deploy.0 = Release|Any CPU
		{CEA6ACC1-7138-4546-B717-277C755AA75F}.Ad-Hoc|iPhoneSimulator.ActiveCfg = Release|Any CPU
		{CEA6ACC1-7138-4546-B717-277C755AA75F}.Ad-Hoc|iPhoneSimulator.Build.0 = Release|Any CPU
		{CEA6ACC1-7138-4546-B717-277C755AA75F}.Ad-Hoc|iPhoneSimulator.Deploy.0 = Release|Any CPU
		{CEA6ACC1-7138-4546-B717-277C755AA75F}.Ad-Hoc|x64.ActiveCfg = Release|Any CPU
		{CEA6ACC1-7138-4546-B717-277C755AA75F}.Ad-Hoc|x64.Build.0 = Release|Any CPU
		{CEA6ACC1-7138-4546-B717-277C755AA75F}.Ad-Hoc|x64.Deploy.0 = Release|Any CPU
		{CEA6ACC1-7138-4546-B717-277C755AA75F}.Ad-Hoc|x86.ActiveCfg = Release|Any CPU
		{CEA6ACC1-7138-4546-B717-277C755AA75F}.Ad-Hoc|x86.Build.0 = Release|Any CPU
		{CEA6ACC1-7138-4546-B717-277C755AA75F}.Ad-Hoc|x86.Deploy.0 = Release|Any CPU
		{CEA6ACC1-7138-4546-B717-277C755AA75F}.AppStore|Any CPU.ActiveCfg = Release|Any CPU
		{CEA6ACC1-7138-4546-B717-277C755AA75F}.AppStore|Any CPU.Build.0 = Release|Any CPU
		{CEA6ACC1-7138-4546-B717-277C755AA75F}.AppStore|Any CPU.Deploy.0 = Release|Any CPU
		{CEA6ACC1-7138-4546-B717-277C755AA75F}.AppStore|ARM.ActiveCfg = Release|Any CPU
		{CEA6ACC1-7138-4546-B717-277C755AA75F}.AppStore|ARM.Build.0 = Release|Any CPU
		{CEA6ACC1-7138-4546-B717-277C755AA75F}.AppStore|ARM.Deploy.0 = Release|Any CPU
		{CEA6ACC1-7138-4546-B717-277C755AA75F}.AppStore|iPhone.ActiveCfg = Release|Any CPU
		{CEA6ACC1-7138-4546-B717-277C755AA75F}.AppStore|iPhone.Build.0 = Release|Any CPU
		{CEA6ACC1-7138-4546-B717-277C755AA75F}.AppStore|iPhone.Deploy.0 = Release|Any CPU
		{CEA6ACC1-7138-4546-B717-277C755AA75F}.AppStore|iPhoneSimulator.ActiveCfg = Release|Any CPU
		{CEA6ACC1-7138-4546-B717-277C755AA75F}.AppStore|iPhoneSimulator.Build.0 = Release|Any CPU
		{CEA6ACC1-7138-4546-B717-277C755AA75F}.AppStore|iPhoneSimulator.Deploy.0 = Release|Any CPU
		{CEA6ACC1-7138-4546-B717-277C755AA75F}.AppStore|x64.ActiveCfg = Release|Any CPU
		{CEA6ACC1-7138-4546-B717-277C755AA75F}.AppStore|x64.Build.0 = Release|Any CPU
		{CEA6ACC1-7138-4546-B717-277C755AA75F}.AppStore|x64.Deploy.0 = Release|Any CPU
		{CEA6ACC1-7138-4546-B717-277C755AA75F}.AppStore|x86.ActiveCfg = Release|Any CPU
		{CEA6ACC1-7138-4546-B717-277C755AA75F}.AppStore|x86.Build.0 = Release|Any CPU
		{CEA6ACC1-7138-4546-B717-277C755AA75F}.AppStore|x86.Deploy.0 = Release|Any CPU
		{CEA6ACC1-7138-4546-B717-277C755AA75F}.Debug|Any CPU.ActiveCfg = Debug|Any CPU
		{CEA6ACC1-7138-4546-B717-277C755AA75F}.Debug|Any CPU.Build.0 = Debug|Any CPU
		{CEA6ACC1-7138-4546-B717-277C755AA75F}.Debug|Any CPU.Deploy.0 = Debug|Any CPU
		{CEA6ACC1-7138-4546-B717-277C755AA75F}.Debug|ARM.ActiveCfg = Debug|Any CPU
		{CEA6ACC1-7138-4546-B717-277C755AA75F}.Debug|ARM.Build.0 = Debug|Any CPU
		{CEA6ACC1-7138-4546-B717-277C755AA75F}.Debug|ARM.Deploy.0 = Debug|Any CPU
		{CEA6ACC1-7138-4546-B717-277C755AA75F}.Debug|iPhone.ActiveCfg = Debug|Any CPU
		{CEA6ACC1-7138-4546-B717-277C755AA75F}.Debug|iPhone.Build.0 = Debug|Any CPU
		{CEA6ACC1-7138-4546-B717-277C755AA75F}.Debug|iPhone.Deploy.0 = Debug|Any CPU
		{CEA6ACC1-7138-4546-B717-277C755AA75F}.Debug|iPhoneSimulator.ActiveCfg = Debug|Any CPU
		{CEA6ACC1-7138-4546-B717-277C755AA75F}.Debug|iPhoneSimulator.Build.0 = Debug|Any CPU
		{CEA6ACC1-7138-4546-B717-277C755AA75F}.Debug|iPhoneSimulator.Deploy.0 = Debug|Any CPU
		{CEA6ACC1-7138-4546-B717-277C755AA75F}.Debug|x64.ActiveCfg = Debug|Any CPU
		{CEA6ACC1-7138-4546-B717-277C755AA75F}.Debug|x64.Build.0 = Debug|Any CPU
		{CEA6ACC1-7138-4546-B717-277C755AA75F}.Debug|x64.Deploy.0 = Debug|Any CPU
		{CEA6ACC1-7138-4546-B717-277C755AA75F}.Debug|x86.ActiveCfg = Debug|Any CPU
		{CEA6ACC1-7138-4546-B717-277C755AA75F}.Debug|x86.Build.0 = Debug|Any CPU
		{CEA6ACC1-7138-4546-B717-277C755AA75F}.Debug|x86.Deploy.0 = Debug|Any CPU
		{CEA6ACC1-7138-4546-B717-277C755AA75F}.Release|Any CPU.ActiveCfg = Release|Any CPU
		{CEA6ACC1-7138-4546-B717-277C755AA75F}.Release|Any CPU.Build.0 = Release|Any CPU
		{CEA6ACC1-7138-4546-B717-277C755AA75F}.Release|Any CPU.Deploy.0 = Release|Any CPU
		{CEA6ACC1-7138-4546-B717-277C755AA75F}.Release|ARM.ActiveCfg = Release|Any CPU
		{CEA6ACC1-7138-4546-B717-277C755AA75F}.Release|ARM.Build.0 = Release|Any CPU
		{CEA6ACC1-7138-4546-B717-277C755AA75F}.Release|ARM.Deploy.0 = Release|Any CPU
		{CEA6ACC1-7138-4546-B717-277C755AA75F}.Release|iPhone.ActiveCfg = Release|Any CPU
		{CEA6ACC1-7138-4546-B717-277C755AA75F}.Release|iPhone.Build.0 = Release|Any CPU
		{CEA6ACC1-7138-4546-B717-277C755AA75F}.Release|iPhone.Deploy.0 = Release|Any CPU
		{CEA6ACC1-7138-4546-B717-277C755AA75F}.Release|iPhoneSimulator.ActiveCfg = Release|Any CPU
		{CEA6ACC1-7138-4546-B717-277C755AA75F}.Release|iPhoneSimulator.Build.0 = Release|Any CPU
		{CEA6ACC1-7138-4546-B717-277C755AA75F}.Release|iPhoneSimulator.Deploy.0 = Release|Any CPU
		{CEA6ACC1-7138-4546-B717-277C755AA75F}.Release|x64.ActiveCfg = Release|Any CPU
		{CEA6ACC1-7138-4546-B717-277C755AA75F}.Release|x64.Build.0 = Release|Any CPU
		{CEA6ACC1-7138-4546-B717-277C755AA75F}.Release|x64.Deploy.0 = Release|Any CPU
		{CEA6ACC1-7138-4546-B717-277C755AA75F}.Release|x86.ActiveCfg = Release|Any CPU
		{CEA6ACC1-7138-4546-B717-277C755AA75F}.Release|x86.Build.0 = Release|Any CPU
		{CEA6ACC1-7138-4546-B717-277C755AA75F}.Release|x86.Deploy.0 = Release|Any CPU
		{B855B989-F52B-4BC1-9132-DAF17E423C74}.Ad-Hoc|Any CPU.ActiveCfg = Release|x86
		{B855B989-F52B-4BC1-9132-DAF17E423C74}.Ad-Hoc|Any CPU.Build.0 = Release|x86
		{B855B989-F52B-4BC1-9132-DAF17E423C74}.Ad-Hoc|Any CPU.Deploy.0 = Release|x86
		{B855B989-F52B-4BC1-9132-DAF17E423C74}.Ad-Hoc|ARM.ActiveCfg = Release|ARM
		{B855B989-F52B-4BC1-9132-DAF17E423C74}.Ad-Hoc|ARM.Build.0 = Release|ARM
		{B855B989-F52B-4BC1-9132-DAF17E423C74}.Ad-Hoc|ARM.Deploy.0 = Release|ARM
		{B855B989-F52B-4BC1-9132-DAF17E423C74}.Ad-Hoc|iPhone.ActiveCfg = Release|x86
		{B855B989-F52B-4BC1-9132-DAF17E423C74}.Ad-Hoc|iPhone.Build.0 = Release|x86
		{B855B989-F52B-4BC1-9132-DAF17E423C74}.Ad-Hoc|iPhone.Deploy.0 = Release|x86
		{B855B989-F52B-4BC1-9132-DAF17E423C74}.Ad-Hoc|iPhoneSimulator.ActiveCfg = Release|x86
		{B855B989-F52B-4BC1-9132-DAF17E423C74}.Ad-Hoc|iPhoneSimulator.Build.0 = Release|x86
		{B855B989-F52B-4BC1-9132-DAF17E423C74}.Ad-Hoc|iPhoneSimulator.Deploy.0 = Release|x86
		{B855B989-F52B-4BC1-9132-DAF17E423C74}.Ad-Hoc|x64.ActiveCfg = Release|x64
		{B855B989-F52B-4BC1-9132-DAF17E423C74}.Ad-Hoc|x64.Build.0 = Release|x64
		{B855B989-F52B-4BC1-9132-DAF17E423C74}.Ad-Hoc|x64.Deploy.0 = Release|x64
		{B855B989-F52B-4BC1-9132-DAF17E423C74}.Ad-Hoc|x86.ActiveCfg = Release|x86
		{B855B989-F52B-4BC1-9132-DAF17E423C74}.Ad-Hoc|x86.Build.0 = Release|x86
		{B855B989-F52B-4BC1-9132-DAF17E423C74}.Ad-Hoc|x86.Deploy.0 = Release|x86
		{B855B989-F52B-4BC1-9132-DAF17E423C74}.AppStore|Any CPU.ActiveCfg = Release|x86
		{B855B989-F52B-4BC1-9132-DAF17E423C74}.AppStore|Any CPU.Build.0 = Release|x86
		{B855B989-F52B-4BC1-9132-DAF17E423C74}.AppStore|Any CPU.Deploy.0 = Release|x86
		{B855B989-F52B-4BC1-9132-DAF17E423C74}.AppStore|ARM.ActiveCfg = Release|ARM
		{B855B989-F52B-4BC1-9132-DAF17E423C74}.AppStore|ARM.Build.0 = Release|ARM
		{B855B989-F52B-4BC1-9132-DAF17E423C74}.AppStore|ARM.Deploy.0 = Release|ARM
		{B855B989-F52B-4BC1-9132-DAF17E423C74}.AppStore|iPhone.ActiveCfg = Release|x86
		{B855B989-F52B-4BC1-9132-DAF17E423C74}.AppStore|iPhone.Build.0 = Release|x86
		{B855B989-F52B-4BC1-9132-DAF17E423C74}.AppStore|iPhone.Deploy.0 = Release|x86
		{B855B989-F52B-4BC1-9132-DAF17E423C74}.AppStore|iPhoneSimulator.ActiveCfg = Release|x86
		{B855B989-F52B-4BC1-9132-DAF17E423C74}.AppStore|iPhoneSimulator.Build.0 = Release|x86
		{B855B989-F52B-4BC1-9132-DAF17E423C74}.AppStore|iPhoneSimulator.Deploy.0 = Release|x86
		{B855B989-F52B-4BC1-9132-DAF17E423C74}.AppStore|x64.ActiveCfg = Release|x64
		{B855B989-F52B-4BC1-9132-DAF17E423C74}.AppStore|x64.Build.0 = Release|x64
		{B855B989-F52B-4BC1-9132-DAF17E423C74}.AppStore|x64.Deploy.0 = Release|x64
		{B855B989-F52B-4BC1-9132-DAF17E423C74}.AppStore|x86.ActiveCfg = Release|x86
		{B855B989-F52B-4BC1-9132-DAF17E423C74}.AppStore|x86.Build.0 = Release|x86
		{B855B989-F52B-4BC1-9132-DAF17E423C74}.AppStore|x86.Deploy.0 = Release|x86
		{B855B989-F52B-4BC1-9132-DAF17E423C74}.Debug|Any CPU.ActiveCfg = Debug|x86
		{B855B989-F52B-4BC1-9132-DAF17E423C74}.Debug|Any CPU.Build.0 = Debug|x86
		{B855B989-F52B-4BC1-9132-DAF17E423C74}.Debug|Any CPU.Deploy.0 = Debug|x86
		{B855B989-F52B-4BC1-9132-DAF17E423C74}.Debug|ARM.ActiveCfg = Debug|ARM
		{B855B989-F52B-4BC1-9132-DAF17E423C74}.Debug|ARM.Build.0 = Debug|ARM
		{B855B989-F52B-4BC1-9132-DAF17E423C74}.Debug|ARM.Deploy.0 = Debug|ARM
		{B855B989-F52B-4BC1-9132-DAF17E423C74}.Debug|iPhone.ActiveCfg = Debug|x86
		{B855B989-F52B-4BC1-9132-DAF17E423C74}.Debug|iPhoneSimulator.ActiveCfg = Debug|x86
		{B855B989-F52B-4BC1-9132-DAF17E423C74}.Debug|x64.ActiveCfg = Debug|x64
		{B855B989-F52B-4BC1-9132-DAF17E423C74}.Debug|x64.Build.0 = Debug|x64
		{B855B989-F52B-4BC1-9132-DAF17E423C74}.Debug|x64.Deploy.0 = Debug|x64
		{B855B989-F52B-4BC1-9132-DAF17E423C74}.Debug|x86.ActiveCfg = Debug|x86
		{B855B989-F52B-4BC1-9132-DAF17E423C74}.Debug|x86.Build.0 = Debug|x86
		{B855B989-F52B-4BC1-9132-DAF17E423C74}.Debug|x86.Deploy.0 = Debug|x86
		{B855B989-F52B-4BC1-9132-DAF17E423C74}.Release|Any CPU.ActiveCfg = Release|x86
		{B855B989-F52B-4BC1-9132-DAF17E423C74}.Release|ARM.ActiveCfg = Release|ARM
		{B855B989-F52B-4BC1-9132-DAF17E423C74}.Release|ARM.Build.0 = Release|ARM
		{B855B989-F52B-4BC1-9132-DAF17E423C74}.Release|ARM.Deploy.0 = Release|ARM
		{B855B989-F52B-4BC1-9132-DAF17E423C74}.Release|iPhone.ActiveCfg = Release|x86
		{B855B989-F52B-4BC1-9132-DAF17E423C74}.Release|iPhoneSimulator.ActiveCfg = Release|x86
		{B855B989-F52B-4BC1-9132-DAF17E423C74}.Release|x64.ActiveCfg = Release|x64
		{B855B989-F52B-4BC1-9132-DAF17E423C74}.Release|x64.Build.0 = Release|x64
		{B855B989-F52B-4BC1-9132-DAF17E423C74}.Release|x64.Deploy.0 = Release|x64
		{B855B989-F52B-4BC1-9132-DAF17E423C74}.Release|x86.ActiveCfg = Release|x86
		{B855B989-F52B-4BC1-9132-DAF17E423C74}.Release|x86.Build.0 = Release|x86
		{B855B989-F52B-4BC1-9132-DAF17E423C74}.Release|x86.Deploy.0 = Release|x86
	EndGlobalSection
	GlobalSection(SolutionProperties) = preSolution
		HideSolutionNode = FALSE
	EndGlobalSection
EndGlobal
